
Microsoft Visual Studio Solution File, Format Version 12.00
# Visual Studio Version 17
VisualStudioVersion = 17.1.32421.90
MinimumVisualStudioVersion = 10.0.40219.1
Project("{FAE04EC0-301F-11D3-BF4B-00C04F79EFBC}") = "Baloncesto", "Baloncesto.csproj", "{A0A9F8C3-E34C-4B98-9E2B-080C7F12326F}"
EndProject
Global
	GlobalSection(SolutionConfigurationPlatforms) = preSolution
		Debug|Any CPU = Debug|Any CPU
		Release|Any CPU = Release|Any CPU
	EndGlobalSection
	GlobalSection(ProjectConfigurationPlatforms) = postSolution
		{A0A9F8C3-E34C-4B98-9E2B-080C7F12326F}.Debug|Any CPU.ActiveCfg = Debug|Any CPU
		{A0A9F8C3-E34C-4B98-9E2B-080C7F12326F}.Debug|Any CPU.Build.0 = Debug|Any CPU
		{A0A9F8C3-E34C-4B98-9E2B-080C7F12326F}.Release|Any CPU.ActiveCfg = Release|Any CPU
		{A0A9F8C3-E34C-4B98-9E2B-080C7F12326F}.Release|Any CPU.Build.0 = Release|Any CPU
	EndGlobalSection
	GlobalSection(SolutionProperties) = preSolution
		HideSolutionNode = FALSE
	EndGlobalSection
	GlobalSection(ExtensibilityGlobals) = postSolution
		SolutionGuid = {4B6E73AD-5436-4174-AA3A-46DE33382531}
	EndGlobalSection
EndGlobal
